
Microsoft Visual Studio Solution File, Format Version 12.00
# Visual Studio Version 16
VisualStudioVersion = 16.0.30523.141
MinimumVisualStudioVersion = 10.0.40219.1
Project("{8BC9CEB8-8B4A-11D0-8D11-00A0C91BC942}") = "2021AlgorithmStudy", "2021AlgorithmStudy\2021AlgorithmStudy.vcxproj", "{FCC5691A-CD18-43C4-BBA7-DEE88FA13CD9}"
EndProject
Global
	GlobalSection(SolutionConfigurationPlatforms) = preSolution
		Debug|x64 = Debug|x64
		Debug|x86 = Debug|x86
		Release|x64 = Release|x64
		Release|x86 = Release|x86
	EndGlobalSection
	GlobalSection(ProjectConfigurationPlatforms) = postSolution
		{FCC5691A-CD18-43C4-BBA7-DEE88FA13CD9}.Debug|x64.ActiveCfg = Debug|x64
		{FCC5691A-CD18-43C4-BBA7-DEE88FA13CD9}.Debug|x64.Build.0 = Debug|x64
		{FCC5691A-CD18-43C4-BBA7-DEE88FA13CD9}.Debug|x86.ActiveCfg = Debug|Win32
		{FCC5691A-CD18-43C4-BBA7-DEE88FA13CD9}.Debug|x86.Build.0 = Debug|Win32
		{FCC5691A-CD18-43C4-BBA7-DEE88FA13CD9}.Release|x64.ActiveCfg = Release|x64
		{FCC5691A-CD18-43C4-BBA7-DEE88FA13CD9}.Release|x64.Build.0 = Release|x64
		{FCC5691A-CD18-43C4-BBA7-DEE88FA13CD9}.Release|x86.ActiveCfg = Release|Win32
		{FCC5691A-CD18-43C4-BBA7-DEE88FA13CD9}.Release|x86.Build.0 = Release|Win32
	EndGlobalSection
	GlobalSection(SolutionProperties) = preSolution
		HideSolutionNode = FALSE
	EndGlobalSection
	GlobalSection(ExtensibilityGlobals) = postSolution
		SolutionGuid = {2F7514E8-2923-431B-ACF0-4262111DF53E}
	EndGlobalSection
EndGlobal
